
Microsoft Visual Studio Solution File, Format Version 12.00
# Visual Studio Version 16
VisualStudioVersion = 16.0.31624.102
MinimumVisualStudioVersion = 10.0.40219.1
Project("{FAE04EC0-301F-11D3-BF4B-00C04F79EFBC}") = "AspNetMVCmongpDB", "AspNetMVCmongpDB\AspNetMVCmongpDB.csproj", "{05C75312-772B-4AAF-ABD8-AE88D4C32E2B}"
EndProject
Global
	GlobalSection(SolutionConfigurationPlatforms) = preSolution
		Debug|Any CPU = Debug|Any CPU
		Release|Any CPU = Release|Any CPU
	EndGlobalSection
	GlobalSection(ProjectConfigurationPlatforms) = postSolution
		{05C75312-772B-4AAF-ABD8-AE88D4C32E2B}.Debug|Any CPU.ActiveCfg = Debug|Any CPU
		{05C75312-772B-4AAF-ABD8-AE88D4C32E2B}.Debug|Any CPU.Build.0 = Debug|Any CPU
		{05C75312-772B-4AAF-ABD8-AE88D4C32E2B}.Release|Any CPU.ActiveCfg = Release|Any CPU
		{05C75312-772B-4AAF-ABD8-AE88D4C32E2B}.Release|Any CPU.Build.0 = Release|Any CPU
	EndGlobalSection
	GlobalSection(SolutionProperties) = preSolution
		HideSolutionNode = FALSE
	EndGlobalSection
	GlobalSection(ExtensibilityGlobals) = postSolution
		SolutionGuid = {7BD0D8BF-76BC-495A-ACFD-110F6DE512DF}
	EndGlobalSection
EndGlobal
